// !$*UTF8*$!
{
	archiveVersion = 1;
	classes = {
	};
	objectVersion = 46;
	objects = {

/* Begin PBXBuildFile section */
		842A36B31F2CEB4C0001A36F /* AppDelegate.swift in Sources */ = {isa = PBXBuildFile; fileRef = 842A36B21F2CEB4C0001A36F /* AppDelegate.swift */; };
		842A36B51F2CEB4C0001A36F /* ViewController.swift in Sources */ = {isa = PBXBuildFile; fileRef = 842A36B41F2CEB4C0001A36F /* ViewController.swift */; };
		842A36B81F2CEB4C0001A36F /* Main.storyboard in Resources */ = {isa = PBXBuildFile; fileRef = 842A36B61F2CEB4C0001A36F /* Main.storyboard */; };
		842A36BA1F2CEB4C0001A36F /* Assets.xcassets in Resources */ = {isa = PBXBuildFile; fileRef = 842A36B91F2CEB4C0001A36F /* Assets.xcassets */; };
		842A36BD1F2CEB4C0001A36F /* LaunchScreen.storyboard in Resources */ = {isa = PBXBuildFile; fileRef = 842A36BB1F2CEB4C0001A36F /* LaunchScreen.storyboard */; };
		842A36C81F2CEB4C0001A36F /* SideOutMenuwithNavTests.swift in Sources */ = {isa = PBXBuildFile; fileRef = 842A36C71F2CEB4C0001A36F /* SideOutMenuwithNavTests.swift */; };
		842A36D31F2CEB4C0001A36F /* SideOutMenuwithNavUITests.swift in Sources */ = {isa = PBXBuildFile; fileRef = 842A36D21F2CEB4C0001A36F /* SideOutMenuwithNavUITests.swift */; };
/* End PBXBuildFile section */

/* Begin PBXContainerItemProxy section */
		842A36C41F2CEB4C0001A36F /* PBXContainerItemProxy */ = {
			isa = PBXContainerItemProxy;
			containerPortal = 842A36A71F2CEB4C0001A36F /* Project object */;
			proxyType = 1;
			remoteGlobalIDString = 842A36AE1F2CEB4C0001A36F;
			remoteInfo = SideOutMenuwithNav;
		};
		842A36CF1F2CEB4C0001A36F /* PBXContainerItemProxy */ = {
			isa = PBXContainerItemProxy;
			containerPortal = 842A36A71F2CEB4C0001A36F /* Project object */;
			proxyType = 1;
			remoteGlobalIDString = 842A36AE1F2CEB4C0001A36F;
			remoteInfo = SideOutMenuwithNav;
		};
/* End PBXContainerItemProxy section */

/* Begin PBXFileReference section */
		842A36AF1F2CEB4C0001A36F /* SideOutMenuwithNav.app */ = {isa = PBXFileReference; explicitFileType = wrapper.application; includeInIndex = 0; path = SideOutMenuwithNav.app; sourceTree = BUILT_PRODUCTS_DIR; };
		842A36B21F2CEB4C0001A36F /* AppDelegate.swift */ = {isa = PBXFileReference; lastKnownFileType = sourcecode.swift; path = AppDelegate.swift; sourceTree = "<group>"; };
		842A36B41F2CEB4C0001A36F /* ViewController.swift */ = {isa = PBXFileReference; lastKnownFileType = sourcecode.swift; path = ViewController.swift; sourceTree = "<group>"; };
		842A36B71F2CEB4C0001A36F /* Base */ = {isa = PBXFileReference; lastKnownFileType = file.storyboard; name = Base; path = Base.lproj/Main.storyboard; sourceTree = "<group>"; };
		842A36B91F2CEB4C0001A36F /* Assets.xcassets */ = {isa = PBXFileReference; lastKnownFileType = folder.assetcatalog; path = Assets.xcassets; sourceTree = "<group>"; };
		842A36BC1F2CEB4C0001A36F /* Base */ = {isa = PBXFileReference; lastKnownFileType = file.storyboard; name = Base; path = Base.lproj/LaunchScreen.storyboard; sourceTree = "<group>"; };
		842A36BE1F2CEB4C0001A36F /* Info.plist */ = {isa = PBXFileReference; lastKnownFileType = text.plist.xml; path = Info.plist; sourceTree = "<group>"; };
		842A36C31F2CEB4C0001A36F /* SideOutMenuwithNavTests.xctest */ = {isa = PBXFileReference; explicitFileType = wrapper.cfbundle; includeInIndex = 0; path = SideOutMenuwithNavTests.xctest; sourceTree = BUILT_PRODUCTS_DIR; };
		842A36C71F2CEB4C0001A36F /* SideOutMenuwithNavTests.swift */ = {isa = PBXFileReference; lastKnownFileType = sourcecode.swift; path = SideOutMenuwithNavTests.swift; sourceTree = "<group>"; };
		842A36C91F2CEB4C0001A36F /* Info.plist */ = {isa = PBXFileReference; lastKnownFileType = text.plist.xml; path = Info.plist; sourceTree = "<group>"; };
		842A36CE1F2CEB4C0001A36F /* SideOutMenuwithNavUITests.xctest */ = {isa = PBXFileReference; explicitFileType = wrapper.cfbundle; includeInIndex = 0; path = SideOutMenuwithNavUITests.xctest; sourceTree = BUILT_PRODUCTS_DIR; };
		842A36D21F2CEB4C0001A36F /* SideOutMenuwithNavUITests.swift */ = {isa = PBXFileReference; lastKnownFileType = sourcecode.swift; path = SideOutMenuwithNavUITests.swift; sourceTree = "<group>"; };
		842A36D41F2CEB4C0001A36F /* Info.plist */ = {isa = PBXFileReference; lastKnownFileType = text.plist.xml; path = Info.plist; sourceTree = "<group>"; };
/* End PBXFileReference section */

/* Begin PBXFrameworksBuildPhase section */
		842A36AC1F2CEB4C0001A36F /* Frameworks */ = {
			isa = PBXFrameworksBuildPhase;
			buildActionMask = 2147483647;
			files = (
			);
			runOnlyForDeploymentPostprocessing = 0;
		};
		842A36C01F2CEB4C0001A36F /* Frameworks */ = {
			isa = PBXFrameworksBuildPhase;
			buildActionMask = 2147483647;
			files = (
			);
			runOnlyForDeploymentPostprocessing = 0;
		};
		842A36CB1F2CEB4C0001A36F /* Frameworks */ = {
			isa = PBXFrameworksBuildPhase;
			buildActionMask = 2147483647;
			files = (
			);
			runOnlyForDeploymentPostprocessing = 0;
		};
/* End PBXFrameworksBuildPhase section */

/* Begin PBXGroup section */
		842A36A61F2CEB4C0001A36F = {
			isa = PBXGroup;
			children = (
				842A36B11F2CEB4C0001A36F /* SideOutMenuwithNav */,
				842A36C61F2CEB4C0001A36F /* SideOutMenuwithNavTests */,
				842A36D11F2CEB4C0001A36F /* SideOutMenuwithNavUITests */,
				842A36B01F2CEB4C0001A36F /* Products */,
			);
			sourceTree = "<group>";
		};
		842A36B01F2CEB4C0001A36F /* Products */ = {
			isa = PBXGroup;
			children = (
				842A36AF1F2CEB4C0001A36F /* SideOutMenuwithNav.app */,
				842A36C31F2CEB4C0001A36F /* SideOutMenuwithNavTests.xctest */,
				842A36CE1F2CEB4C0001A36F /* SideOutMenuwithNavUITests.xctest */,
			);
			name = Products;
			sourceTree = "<group>";
		};
		842A36B11F2CEB4C0001A36F /* SideOutMenuwithNav */ = {
			isa = PBXGroup;
			children = (
				842A36B21F2CEB4C0001A36F /* AppDelegate.swift */,
				842A36B41F2CEB4C0001A36F /* ViewController.swift */,
				842A36B61F2CEB4C0001A36F /* Main.storyboard */,
				842A36B91F2CEB4C0001A36F /* Assets.xcassets */,
				842A36BB1F2CEB4C0001A36F /* LaunchScreen.storyboard */,
				842A36BE1F2CEB4C0001A36F /* Info.plist */,
			);
			path = SideOutMenuwithNav;
			sourceTree = "<group>";
		};
		842A36C61F2CEB4C0001A36F /* SideOutMenuwithNavTests */ = {
			isa = PBXGroup;
			children = (
				842A36C71F2CEB4C0001A36F /* SideOutMenuwithNavTests.swift */,
				842A36C91F2CEB4C0001A36F /* Info.plist */,
			);
			path = SideOutMenuwithNavTests;
			sourceTree = "<group>";
		};
		842A36D11F2CEB4C0001A36F /* SideOutMenuwithNavUITests */ = {
			isa = PBXGroup;
			children = (
				842A36D21F2CEB4C0001A36F /* SideOutMenuwithNavUITests.swift */,
				842A36D41F2CEB4C0001A36F /* Info.plist */,
			);
			path = SideOutMenuwithNavUITests;
			sourceTree = "<group>";
		};
/* End PBXGroup section */

/* Begin PBXNativeTarget section */
		842A36AE1F2CEB4C0001A36F /* SideOutMenuwithNav */ = {
			isa = PBXNativeTarget;
			buildConfigurationList = 842A36D71F2CEB4C0001A36F /* Build configuration list for PBXNativeTarget "SideOutMenuwithNav" */;
			buildPhases = (
				842A36AB1F2CEB4C0001A36F /* Sources */,
				842A36AC1F2CEB4C0001A36F /* Frameworks */,
				842A36AD1F2CEB4C0001A36F /* Resources */,
			);
			buildRules = (
			);
			dependencies = (
			);
			name = SideOutMenuwithNav;
			productName = SideOutMenuwithNav;
			productReference = 842A36AF1F2CEB4C0001A36F /* SideOutMenuwithNav.app */;
			productType = "com.apple.product-type.application";
		};
		842A36C21F2CEB4C0001A36F /* SideOutMenuwithNavTests */ = {
			isa = PBXNativeTarget;
			buildConfigurationList = 842A36DA1F2CEB4C0001A36F /* Build configuration list for PBXNativeTarget "SideOutMenuwithNavTests" */;
			buildPhases = (
				842A36BF1F2CEB4C0001A36F /* Sources */,
				842A36C01F2CEB4C0001A36F /* Frameworks */,
				842A36C11F2CEB4C0001A36F /* Resources */,
			);
			buildRules = (
			);
			dependencies = (
				842A36C51F2CEB4C0001A36F /* PBXTargetDependency */,
			);
			name = SideOutMenuwithNavTests;
			productName = SideOutMenuwithNavTests;
			productReference = 842A36C31F2CEB4C0001A36F /* SideOutMenuwithNavTests.xctest */;
			productType = "com.apple.product-type.bundle.unit-test";
		};
		842A36CD1F2CEB4C0001A36F /* SideOutMenuwithNavUITests */ = {
			isa = PBXNativeTarget;
			buildConfigurationList = 842A36DD1F2CEB4C0001A36F /* Build configuration list for PBXNativeTarget "SideOutMenuwithNavUITests" */;
			buildPhases = (
				842A36CA1F2CEB4C0001A36F /* Sources */,
				842A36CB1F2CEB4C0001A36F /* Frameworks */,
				842A36CC1F2CEB4C0001A36F /* Resources */,
			);
			buildRules = (
			);
			dependencies = (
				842A36D01F2CEB4C0001A36F /* PBXTargetDependency */,
			);
			name = SideOutMenuwithNavUITests;
			productName = SideOutMenuwithNavUITests;
			productReference = 842A36CE1F2CEB4C0001A36F /* SideOutMenuwithNavUITests.xctest */;
			productType = "com.apple.product-type.bundle.ui-testing";
		};
/* End PBXNativeTarget section */

/* Begin PBXProject section */
		842A36A71F2CEB4C0001A36F /* Project object */ = {
			isa = PBXProject;
			attributes = {
				LastSwiftUpdateCheck = 0830;
				LastUpgradeCheck = 0830;
				ORGANIZATIONNAME = "Egor Lord";
				TargetAttributes = {
					842A36AE1F2CEB4C0001A36F = {
						CreatedOnToolsVersion = 8.3.2;
						ProvisioningStyle = Automatic;
					};
					842A36C21F2CEB4C0001A36F = {
						CreatedOnToolsVersion = 8.3.2;
						ProvisioningStyle = Automatic;
						TestTargetID = 842A36AE1F2CEB4C0001A36F;
					};
					842A36CD1F2CEB4C0001A36F = {
						CreatedOnToolsVersion = 8.3.2;
						ProvisioningStyle = Automatic;
						TestTargetID = 842A36AE1F2CEB4C0001A36F;
					};
				};
			};
			buildConfigurationList = 842A36AA1F2CEB4C0001A36F /* Build configuration list for PBXProject "SideOutMenuwithNav" */;
			compatibilityVersion = "Xcode 3.2";
			developmentRegion = English;
			hasScannedForEncodings = 0;
			knownRegions = (
				en,
				Base,
			);
			mainGroup = 842A36A61F2CEB4C0001A36F;
			productRefGroup = 842A36B01F2CEB4C0001A36F /* Products */;
			projectDirPath = "";
			projectRoot = "";
			targets = (
				842A36AE1F2CEB4C0001A36F /* SideOutMenuwithNav */,
				842A36C21F2CEB4C0001A36F /* SideOutMenuwithNavTests */,
				842A36CD1F2CEB4C0001A36F /* SideOutMenuwithNavUITests */,
			);
		};
/* End PBXProject section */

/* Begin PBXResourcesBuildPhase section */
		842A36AD1F2CEB4C0001A36F /* Resources */ = {
			isa = PBXResourcesBuildPhase;
			buildActionMask = 2147483647;
			files = (
				842A36BD1F2CEB4C0001A36F /* LaunchScreen.storyboard in Resources */,
				842A36BA1F2CEB4C0001A36F /* Assets.xcassets in Resources */,
				842A36B81F2CEB4C0001A36F /* Main.storyboard in Resources */,
			);
			runOnlyForDeploymentPostprocessing = 0;
		};
		842A36C11F2CEB4C0001A36F /* Resources */ = {
			isa = PBXResourcesBuildPhase;
			buildActionMask = 2147483647;
			files = (
			);
			runOnlyForDeploymentPostprocessing = 0;
		};
		842A36CC1F2CEB4C0001A36F /* Resources */ = {
			isa = PBXResourcesBuildPhase;
			buildActionMask = 2147483647;
			files = (
			);
			runOnlyForDeploymentPostprocessing = 0;
		};
/* End PBXResourcesBuildPhase section */

/* Begin PBXSourcesBuildPhase section */
		842A36AB1F2CEB4C0001A36F /* Sources */ = {
			isa = PBXSourcesBuildPhase;
			buildActionMask = 2147483647;
			files = (
				842A36B51F2CEB4C0001A36F /* ViewController.swift in Sources */,
				842A36B31F2CEB4C0001A36F /* AppDelegate.swift in Sources */,
			);
			runOnlyForDeploymentPostprocessing = 0;
		};
		842A36BF1F2CEB4C0001A36F /* Sources */ = {
			isa = PBXSourcesBuildPhase;
			buildActionMask = 2147483647;
			files = (
				842A36C81F2CEB4C0001A36F /* SideOutMenuwithNavTests.swift in Sources */,
			);
			runOnlyForDeploymentPostprocessing = 0;
		};
		842A36CA1F2CEB4C0001A36F /* Sources */ = {
			isa = PBXSourcesBuildPhase;
			buildActionMask = 2147483647;
			files = (
				842A36D31F2CEB4C0001A36F /* SideOutMenuwithNavUITests.swift in Sources */,
			);
			runOnlyForDeploymentPostprocessing = 0;
		};
/* End PBXSourcesBuildPhase section */

/* Begin PBXTargetDependency section */
		842A36C51F2CEB4C0001A36F /* PBXTargetDependency */ = {
			isa = PBXTargetDependency;
			target = 842A36AE1F2CEB4C0001A36F /* SideOutMenuwithNav */;
			targetProxy = 842A36C41F2CEB4C0001A36F /* PBXContainerItemProxy */;
		};
		842A36D01F2CEB4C0001A36F /* PBXTargetDependency */ = {
			isa = PBXTargetDependency;
			target = 842A36AE1F2CEB4C0001A36F /* SideOutMenuwithNav */;
			targetProxy = 842A36CF1F2CEB4C0001A36F /* PBXContainerItemProxy */;
		};
/* End PBXTargetDependency section */

/* Begin PBXVariantGroup section */
		842A36B61F2CEB4C0001A36F /* Main.storyboard */ = {
			isa = PBXVariantGroup;
			children = (
				842A36B71F2CEB4C0001A36F /* Base */,
			);
			name = Main.storyboard;
			sourceTree = "<group>";
		};
		842A36BB1F2CEB4C0001A36F /* LaunchScreen.storyboard */ = {
			isa = PBXVariantGroup;
			children = (
				842A36BC1F2CEB4C0001A36F /* Base */,
			);
			name = LaunchScreen.storyboard;
			sourceTree = "<group>";
		};
/* End PBXVariantGroup section */

/* Begin XCBuildConfiguration section */
		842A36D51F2CEB4C0001A36F /* Debug */ = {
			isa = XCBuildConfiguration;
			buildSettings = {
				ALWAYS_SEARCH_USER_PATHS = NO;
				CLANG_ANALYZER_NONNULL = YES;
				CLANG_ANALYZER_NUMBER_OBJECT_CONVERSION = YES_AGGRESSIVE;
				CLANG_CXX_LANGUAGE_STANDARD = "gnu++0x";
				CLANG_CXX_LIBRARY = "libc++";
				CLANG_ENABLE_MODULES = YES;
				CLANG_ENABLE_OBJC_ARC = YES;
				CLANG_WARN_BOOL_CONVERSION = YES;
				CLANG_WARN_CONSTANT_CONVERSION = YES;
				CLANG_WARN_DIRECT_OBJC_ISA_USAGE = YES_ERROR;
				CLANG_WARN_DOCUMENTATION_COMMENTS = YES;
				CLANG_WARN_EMPTY_BODY = YES;
				CLANG_WARN_ENUM_CONVERSION = YES;
				CLANG_WARN_INFINITE_RECURSION = YES;
				CLANG_WARN_INT_CONVERSION = YES;
				CLANG_WARN_OBJC_ROOT_CLASS = YES_ERROR;
				CLANG_WARN_SUSPICIOUS_MOVE = YES;
				CLANG_WARN_UNREACHABLE_CODE = YES;
				CLANG_WARN__DUPLICATE_METHOD_MATCH = YES;
				"CODE_SIGN_IDENTITY[sdk=iphoneos*]" = "iPhone Developer";
				COPY_PHASE_STRIP = NO;
				DEBUG_INFORMATION_FORMAT = dwarf;
				ENABLE_STRICT_OBJC_MSGSEND = YES;
				ENABLE_TESTABILITY = YES;
				GCC_C_LANGUAGE_STANDARD = gnu99;
				GCC_DYNAMIC_NO_PIC = NO;
				GCC_NO_COMMON_BLOCKS = YES;
				GCC_OPTIMIZATION_LEVEL = 0;
				GCC_PREPROCESSOR_DEFINITIONS = (
					"DEBUG=1",
					"$(inherited)",
				);
				GCC_WARN_64_TO_32_BIT_CONVERSION = YES;
				GCC_WARN_ABOUT_RETURN_TYPE = YES_ERROR;
				GCC_WARN_UNDECLARED_SELECTOR = YES;
				GCC_WARN_UNINITIALIZED_AUTOS = YES_AGGRESSIVE;
				GCC_WARN_UNUSED_FUNCTION = YES;
				GCC_WARN_UNUSED_VARIABLE = YES;
				IPHONEOS_DEPLOYMENT_TARGET = 10.3;
				MTL_ENABLE_DEBUG_INFO = YES;
				ONLY_ACTIVE_ARCH = YES;
				SDKROOT = iphoneos;
				SWIFT_ACTIVE_COMPILATION_CONDITIONS = DEBUG;
				SWIFT_OPTIMIZATION_LEVEL = "-Onone";
				TARGETED_DEVICE_FAMILY = "1,2";
			};
			name = Debug;
		};
		842A36D61F2CEB4C0001A36F /* Release */ = {
			isa = XCBuildConfiguration;
			buildSettings = {
				ALWAYS_SEARCH_USER_PATHS = NO;
				CLANG_ANALYZER_NONNULL = YES;
				CLANG_ANALYZER_NUMBER_OBJECT_CONVERSION = YES_AGGRESSIVE;
				CLANG_CXX_LANGUAGE_STANDARD = "gnu++0x";
				CLANG_CXX_LIBRARY = "libc++";
				CLANG_ENABLE_MODULES = YES;
				CLANG_ENABLE_OBJC_ARC = YES;
				CLANG_WARN_BOOL_CONVERSION = YES;
				CLANG_WARN_CONSTANT_CONVERSION = YES;
				CLANG_WARN_DIRECT_OBJC_ISA_USAGE = YES_ERROR;
				CLANG_WARN_DOCUMENTATION_COMMENTS = YES;
				CLANG_WARN_EMPTY_BODY = YES;
				CLANG_WARN_ENUM_CONVERSION = YES;
				CLANG_WARN_INFINITE_RECURSION = YES;
				CLANG_WARN_INT_CONVERSION = YES;
				CLANG_WARN_OBJC_ROOT_CLASS = YES_ERROR;
				CLANG_WARN_SUSPICIOUS_MOVE = YES;
				CLANG_WARN_UNREACHABLE_CODE = YES;
				CLANG_WARN__DUPLICATE_METHOD_MATCH = YES;
				"CODE_SIGN_IDENTITY[sdk=iphoneos*]" = "iPhone Developer";
				COPY_PHASE_STRIP = NO;
				DEBUG_INFORMATION_FORMAT = "dwarf-with-dsym";
				ENABLE_NS_ASSERTIONS = NO;
				ENABLE_STRICT_OBJC_MSGSEND = YES;
				GCC_C_LANGUAGE_STANDARD = gnu99;
				GCC_NO_COMMON_BLOCKS = YES;
				GCC_WARN_64_TO_32_BIT_CONVERSION = YES;
				GCC_WARN_ABOUT_RETURN_TYPE = YES_ERROR;
				GCC_WARN_UNDECLARED_SELECTOR = YES;
				GCC_WARN_UNINITIALIZED_AUTOS = YES_AGGRESSIVE;
				GCC_WARN_UNUSED_FUNCTION = YES;
				GCC_WARN_UNUSED_VARIABLE = YES;
				IPHONEOS_DEPLOYMENT_TARGET = 10.3;
				MTL_ENABLE_DEBUG_INFO = NO;
				SDKROOT = iphoneos;
				SWIFT_OPTIMIZATION_LEVEL = "-Owholemodule";
				TARGETED_DEVICE_FAMILY = "1,2";
				VALIDATE_PRODUCT = YES;
			};
			name = Release;
		};
		842A36D81F2CEB4C0001A36F /* Debug */ = {
			isa = XCBuildConfiguration;
			buildSettings = {
				ASSETCATALOG_COMPILER_APPICON_NAME = AppIcon;
				INFOPLIST_FILE = SideOutMenuwithNav/Info.plist;
				LD_RUNPATH_SEARCH_PATHS = "$(inherited) @executable_path/Frameworks";
				PRODUCT_BUNDLE_IDENTIFIER = IDFConnect.SideOutMenuwithNav;
				PRODUCT_NAME = "$(TARGET_NAME)";
				SWIFT_VERSION = 3.0;
			};
			name = Debug;
		};
		842A36D91F2CEB4C0001A36F /* Release */ = {
			isa = XCBuildConfiguration;
			buildSettings = {
				ASSETCATALOG_COMPILER_APPICON_NAME = AppIcon;
				INFOPLIST_FILE = SideOutMenuwithNav/Info.plist;
				LD_RUNPATH_SEARCH_PATHS = "$(inherited) @executable_path/Frameworks";
				PRODUCT_BUNDLE_IDENTIFIER = IDFConnect.SideOutMenuwithNav;
				PRODUCT_NAME = "$(TARGET_NAME)";
				SWIFT_VERSION = 3.0;
			};
			name = Release;
		};
		842A36DB1F2CEB4C0001A36F /* Debug */ = {
			isa = XCBuildConfiguration;
			buildSettings = {
				ALWAYS_EMBED_SWIFT_STANDARD_LIBRARIES = YES;
				BUNDLE_LOADER = "$(TEST_HOST)";
				INFOPLIST_FILE = SideOutMenuwithNavTests/Info.plist;
				LD_RUNPATH_SEARCH_PATHS = "$(inherited) @executable_path/Frameworks @loader_path/Frameworks";
				PRODUCT_BUNDLE_IDENTIFIER = IDFConnect.SideOutMenuwithNavTests;
				PRODUCT_NAME = "$(TARGET_NAME)";
				SWIFT_VERSION = 3.0;
				TEST_HOST = "$(BUILT_PRODUCTS_DIR)/SideOutMenuwithNav.app/SideOutMenuwithNav";
			};
			name = Debug;
		};
		842A36DC1F2CEB4C0001A36F /* Release */ = {
			isa = XCBuildConfiguration;
			buildSettings = {
				ALWAYS_EMBED_SWIFT_STANDARD_LIBRARIES = YES;
				BUNDLE_LOADER = "$(TEST_HOST)";
				INFOPLIST_FILE = SideOutMenuwithNavTests/Info.plist;
				LD_RUNPATH_SEARCH_PATHS = "$(inherited) @executable_path/Frameworks @loader_path/Frameworks";
				PRODUCT_BUNDLE_IDENTIFIER = IDFConnect.SideOutMenuwithNavTests;
				PRODUCT_NAME = "$(TARGET_NAME)";
				SWIFT_VERSION = 3.0;
				TEST_HOST = "$(BUILT_PRODUCTS_DIR)/SideOutMenuwithNav.app/SideOutMenuwithNav";
			};
			name = Release;
		};
		842A36DE1F2CEB4C0001A36F /* Debug */ = {
			isa = XCBuildConfiguration;
			buildSettings = {
				ALWAYS_EMBED_SWIFT_STANDARD_LIBRARIES = YES;
				INFOPLIST_FILE = SideOutMenuwithNavUITests/Info.plist;
				LD_RUNPATH_SEARCH_PATHS = "$(inherited) @executable_path/Frameworks @loader_path/Frameworks";
				PRODUCT_BUNDLE_IDENTIFIER = IDFConnect.SideOutMenuwithNavUITests;
				PRODUCT_NAME = "$(TARGET_NAME)";
				SWIFT_VERSION = 3.0;
				TEST_TARGET_NAME = SideOutMenuwithNav;
			};
			name = Debug;
		};
		842A36DF1F2CEB4C0001A36F /* Release */ = {
			isa = XCBuildConfiguration;
			buildSettings = {
				ALWAYS_EMBED_SWIFT_STANDARD_LIBRARIES = YES;
				INFOPLIST_FILE = SideOutMenuwithNavUITests/Info.plist;
				LD_RUNPATH_SEARCH_PATHS = "$(inherited) @executable_path/Frameworks @loader_path/Frameworks";
				PRODUCT_BUNDLE_IDENTIFIER = IDFConnect.SideOutMenuwithNavUITests;
				PRODUCT_NAME = "$(TARGET_NAME)";
				SWIFT_VERSION = 3.0;
				TEST_TARGET_NAME = SideOutMenuwithNav;
			};
			name = Release;
		};
/* End XCBuildConfiguration section */

/* Begin XCConfigurationList section */
		842A36AA1F2CEB4C0001A36F /* Build configuration list for PBXProject "SideOutMenuwithNav" */ = {
			isa = XCConfigurationList;
			buildConfigurations = (
				842A36D51F2CEB4C0001A36F /* Debug */,
				842A36D61F2CEB4C0001A36F /* Release */,
			);
			defaultConfigurationIsVisible = 0;
			defaultConfigurationName = Release;
		};
		842A36D71F2CEB4C0001A36F /* Build configuration list for PBXNativeTarget "SideOutMenuwithNav" */ = {
			isa = XCConfigurationList;
			buildConfigurations = (
				842A36D81F2CEB4C0001A36F /* Debug */,
				842A36D91F2CEB4C0001A36F /* Release */,
			);
			defaultConfigurationIsVisible = 0;
		};
		842A36DA1F2CEB4C0001A36F /* Build configuration list for PBXNativeTarget "SideOutMenuwithNavTests" */ = {
			isa = XCConfigurationList;
			buildConfigurations = (
				842A36DB1F2CEB4C0001A36F /* Debug */,
				842A36DC1F2CEB4C0001A36F /* Release */,
			);
			defaultConfigurationIsVisible = 0;
		};
		842A36DD1F2CEB4C0001A36F /* Build configuration list for PBXNativeTarget "SideOutMenuwithNavUITests" */ = {
			isa = XCConfigurationList;
			buildConfigurations = (
				842A36DE1F2CEB4C0001A36F /* Debug */,
				842A36DF1F2CEB4C0001A36F /* Release */,
			);
			defaultConfigurationIsVisible = 0;
		};
/* End XCConfigurationList section */
	};
	rootObject = 842A36A71F2CEB4C0001A36F /* Project object */;
}
